// !$*UTF8*$!
{
	archiveVersion = 1;
	classes = {
	};
	objectVersion = 56;
	objects = {

/* Begin PBXBuildFile section */
		525F32552992868F0012B9B9 /* StartGameVC.swift in Sources */ = {isa = PBXBuildFile; fileRef = 525F32542992868F0012B9B9 /* StartGameVC.swift */; };
		526DAAA82992AF7B00F48172 /* zvuk-chasov.mp3 in Resources */ = {isa = PBXBuildFile; fileRef = 526DAAA72992AF7B00F48172 /* zvuk-chasov.mp3 */; };
		52C75DD7299289A400E80814 /* GeneralStackView.swift in Sources */ = {isa = PBXBuildFile; fileRef = 52C75DD6299289A400E80814 /* GeneralStackView.swift */; };
		52C75DD9299289FE00E80814 /* QuestionStackView.swift in Sources */ = {isa = PBXBuildFile; fileRef = 52C75DD8299289FE00E80814 /* QuestionStackView.swift */; };
		52C75DDB29928A4C00E80814 /* MoneyStackView.swift in Sources */ = {isa = PBXBuildFile; fileRef = 52C75DDA29928A4C00E80814 /* MoneyStackView.swift */; };
		52C75DDD29928A7300E80814 /* AnswerStackView.swift in Sources */ = {isa = PBXBuildFile; fileRef = 52C75DDC29928A7300E80814 /* AnswerStackView.swift */; };
		52C75DDF29928C1600E80814 /* PromtStackView.swift in Sources */ = {isa = PBXBuildFile; fileRef = 52C75DDE29928C1600E80814 /* PromtStackView.swift */; };
		751F5B1F29901EA3000F8A98 /* AppDelegate.swift in Sources */ = {isa = PBXBuildFile; fileRef = 751F5B1E29901EA3000F8A98 /* AppDelegate.swift */; };
		751F5B2129901EA3000F8A98 /* SceneDelegate.swift in Sources */ = {isa = PBXBuildFile; fileRef = 751F5B2029901EA3000F8A98 /* SceneDelegate.swift */; };
		751F5B2329901EA3000F8A98 /* ViewController.swift in Sources */ = {isa = PBXBuildFile; fileRef = 751F5B2229901EA3000F8A98 /* ViewController.swift */; };
		751F5B2829901EA4000F8A98 /* Assets.xcassets in Resources */ = {isa = PBXBuildFile; fileRef = 751F5B2729901EA4000F8A98 /* Assets.xcassets */; };
		751F5B2B29901EA4000F8A98 /* LaunchScreen.storyboard in Resources */ = {isa = PBXBuildFile; fileRef = 751F5B2929901EA4000F8A98 /* LaunchScreen.storyboard */; };
		7540356A299264C100F1011A /* Background.swift in Sources */ = {isa = PBXBuildFile; fileRef = 75403569299264C100F1011A /* Background.swift */; };
		7540356C2992652200F1011A /* MainStackView.swift in Sources */ = {isa = PBXBuildFile; fileRef = 7540356B2992652200F1011A /* MainStackView.swift */; };
/* End PBXBuildFile section */

/* Begin PBXFileReference section */
		525F32542992868F0012B9B9 /* StartGameVC.swift */ = {isa = PBXFileReference; lastKnownFileType = sourcecode.swift; path = StartGameVC.swift; sourceTree = "<group>"; };
		526DAAA72992AF7B00F48172 /* zvuk-chasov.mp3 */ = {isa = PBXFileReference; lastKnownFileType = audio.mp3; name = "zvuk-chasov.mp3"; path = "../../../../../Downloads/zvuk-chasov.mp3"; sourceTree = "<group>"; };
		52C75DD6299289A400E80814 /* GeneralStackView.swift */ = {isa = PBXFileReference; lastKnownFileType = sourcecode.swift; path = GeneralStackView.swift; sourceTree = "<group>"; };
		52C75DD8299289FE00E80814 /* QuestionStackView.swift */ = {isa = PBXFileReference; lastKnownFileType = sourcecode.swift; path = QuestionStackView.swift; sourceTree = "<group>"; };
		52C75DDA29928A4C00E80814 /* MoneyStackView.swift */ = {isa = PBXFileReference; lastKnownFileType = sourcecode.swift; path = MoneyStackView.swift; sourceTree = "<group>"; };
		52C75DDC29928A7300E80814 /* AnswerStackView.swift */ = {isa = PBXFileReference; lastKnownFileType = sourcecode.swift; path = AnswerStackView.swift; sourceTree = "<group>"; };
		52C75DDE29928C1600E80814 /* PromtStackView.swift */ = {isa = PBXFileReference; lastKnownFileType = sourcecode.swift; path = PromtStackView.swift; sourceTree = "<group>"; };
		751F5B1B29901EA3000F8A98 /* who is wants to be a millionare.app */ = {isa = PBXFileReference; explicitFileType = wrapper.application; includeInIndex = 0; path = "who is wants to be a millionare.app"; sourceTree = BUILT_PRODUCTS_DIR; };
		751F5B1E29901EA3000F8A98 /* AppDelegate.swift */ = {isa = PBXFileReference; lastKnownFileType = sourcecode.swift; path = AppDelegate.swift; sourceTree = "<group>"; };
		751F5B2029901EA3000F8A98 /* SceneDelegate.swift */ = {isa = PBXFileReference; lastKnownFileType = sourcecode.swift; path = SceneDelegate.swift; sourceTree = "<group>"; };
		751F5B2229901EA3000F8A98 /* ViewController.swift */ = {isa = PBXFileReference; lastKnownFileType = sourcecode.swift; path = ViewController.swift; sourceTree = "<group>"; };
		751F5B2729901EA4000F8A98 /* Assets.xcassets */ = {isa = PBXFileReference; lastKnownFileType = folder.assetcatalog; path = Assets.xcassets; sourceTree = "<group>"; };
		751F5B2A29901EA4000F8A98 /* Base */ = {isa = PBXFileReference; lastKnownFileType = file.storyboard; name = Base; path = Base.lproj/LaunchScreen.storyboard; sourceTree = "<group>"; };
		751F5B2C29901EA4000F8A98 /* Info.plist */ = {isa = PBXFileReference; lastKnownFileType = text.plist.xml; path = Info.plist; sourceTree = "<group>"; };
		75403569299264C100F1011A /* Background.swift */ = {isa = PBXFileReference; lastKnownFileType = sourcecode.swift; path = Background.swift; sourceTree = "<group>"; };
		7540356B2992652200F1011A /* MainStackView.swift */ = {isa = PBXFileReference; lastKnownFileType = sourcecode.swift; path = MainStackView.swift; sourceTree = "<group>"; };
/* End PBXFileReference section */

/* Begin PBXFrameworksBuildPhase section */
		751F5B1829901EA3000F8A98 /* Frameworks */ = {
			isa = PBXFrameworksBuildPhase;
			buildActionMask = 2147483647;
			files = (
			);
			runOnlyForDeploymentPostprocessing = 0;
		};
/* End PBXFrameworksBuildPhase section */

/* Begin PBXGroup section */
		525F3253299286240012B9B9 /* StackViewForStartGameVC */ = {
			isa = PBXGroup;
			children = (
				52C75DD6299289A400E80814 /* GeneralStackView.swift */,
				52C75DD8299289FE00E80814 /* QuestionStackView.swift */,
				52C75DDA29928A4C00E80814 /* MoneyStackView.swift */,
				52C75DDC29928A7300E80814 /* AnswerStackView.swift */,
				52C75DDE29928C1600E80814 /* PromtStackView.swift */,
			);
			path = StackViewForStartGameVC;
			sourceTree = "<group>";
		};
		526DAAA62992AF4100F48172 /* Sound */ = {
			isa = PBXGroup;
			children = (
				526DAAA72992AF7B00F48172 /* zvuk-chasov.mp3 */,
			);
			path = Sound;
			sourceTree = "<group>";
		};
		751F5B1229901EA3000F8A98 = {
			isa = PBXGroup;
			children = (
				751F5B1D29901EA3000F8A98 /* who is wants to be a millionare */,
				751F5B1C29901EA3000F8A98 /* Products */,
			);
			sourceTree = "<group>";
		};
		751F5B1C29901EA3000F8A98 /* Products */ = {
			isa = PBXGroup;
			children = (
				751F5B1B29901EA3000F8A98 /* who is wants to be a millionare.app */,
			);
			name = Products;
			sourceTree = "<group>";
		};
		751F5B1D29901EA3000F8A98 /* who is wants to be a millionare */ = {
			isa = PBXGroup;
			children = (
				751F5B1E29901EA3000F8A98 /* AppDelegate.swift */,
				751F5B2029901EA3000F8A98 /* SceneDelegate.swift */,
				751F5B3429901F09000F8A98 /* Model */,
				751F5B3329901EFA000F8A98 /* View */,
				751F5B3229901EEC000F8A98 /* Controller */,
				526DAAA62992AF4100F48172 /* Sound */,
				751F5B2729901EA4000F8A98 /* Assets.xcassets */,
				751F5B2C29901EA4000F8A98 /* Info.plist */,
			);
			path = "who is wants to be a millionare";
			sourceTree = "<group>";
		};
		751F5B3229901EEC000F8A98 /* Controller */ = {
			isa = PBXGroup;
			children = (
				751F5B2229901EA3000F8A98 /* ViewController.swift */,
				525F32542992868F0012B9B9 /* StartGameVC.swift */,
			);
			path = Controller;
			sourceTree = "<group>";
		};
		751F5B3329901EFA000F8A98 /* View */ = {
			isa = PBXGroup;
			children = (
				7540356D2992652700F1011A /* MainScreen */,
				525F3253299286240012B9B9 /* StackViewForStartGameVC */,
				751F5B2929901EA4000F8A98 /* LaunchScreen.storyboard */,
				75403569299264C100F1011A /* Background.swift */,
			);
			path = View;
			sourceTree = "<group>";
		};
		751F5B3429901F09000F8A98 /* Model */ = {
			isa = PBXGroup;
			children = (
			);
			path = Model;
			sourceTree = "<group>";
		};
		7540356D2992652700F1011A /* MainScreen */ = {
			isa = PBXGroup;
			children = (
				7540356B2992652200F1011A /* MainStackView.swift */,
			);
			path = MainScreen;
			sourceTree = "<group>";
		};
/* End PBXGroup section */

/* Begin PBXNativeTarget section */
		751F5B1A29901EA3000F8A98 /* who is wants to be a millionare */ = {
			isa = PBXNativeTarget;
			buildConfigurationList = 751F5B2F29901EA4000F8A98 /* Build configuration list for PBXNativeTarget "who is wants to be a millionare" */;
			buildPhases = (
				751F5B1729901EA3000F8A98 /* Sources */,
				751F5B1829901EA3000F8A98 /* Frameworks */,
				751F5B1929901EA3000F8A98 /* Resources */,
			);
			buildRules = (
			);
			dependencies = (
			);
			name = "who is wants to be a millionare";
			productName = "who is wants to be a millionare";
			productReference = 751F5B1B29901EA3000F8A98 /* who is wants to be a millionare.app */;
			productType = "com.apple.product-type.application";
		};
/* End PBXNativeTarget section */

/* Begin PBXProject section */
		751F5B1329901EA3000F8A98 /* Project object */ = {
			isa = PBXProject;
			attributes = {
				BuildIndependentTargetsInParallel = 1;
				LastSwiftUpdateCheck = 1410;
				LastUpgradeCheck = 1410;
				TargetAttributes = {
					751F5B1A29901EA3000F8A98 = {
						CreatedOnToolsVersion = 14.1;
					};
				};
			};
			buildConfigurationList = 751F5B1629901EA3000F8A98 /* Build configuration list for PBXProject "who is wants to be a millionare" */;
			compatibilityVersion = "Xcode 14.0";
			developmentRegion = en;
			hasScannedForEncodings = 0;
			knownRegions = (
				en,
				Base,
			);
			mainGroup = 751F5B1229901EA3000F8A98;
			productRefGroup = 751F5B1C29901EA3000F8A98 /* Products */;
			projectDirPath = "";
			projectRoot = "";
			targets = (
				751F5B1A29901EA3000F8A98 /* who is wants to be a millionare */,
			);
		};
/* End PBXProject section */

/* Begin PBXResourcesBuildPhase section */
		751F5B1929901EA3000F8A98 /* Resources */ = {
			isa = PBXResourcesBuildPhase;
			buildActionMask = 2147483647;
			files = (
				751F5B2B29901EA4000F8A98 /* LaunchScreen.storyboard in Resources */,
				751F5B2829901EA4000F8A98 /* Assets.xcassets in Resources */,
				526DAAA82992AF7B00F48172 /* zvuk-chasov.mp3 in Resources */,
			);
			runOnlyForDeploymentPostprocessing = 0;
		};
/* End PBXResourcesBuildPhase section */

/* Begin PBXSourcesBuildPhase section */
		751F5B1729901EA3000F8A98 /* Sources */ = {
			isa = PBXSourcesBuildPhase;
			buildActionMask = 2147483647;
			files = (
				7540356C2992652200F1011A /* MainStackView.swift in Sources */,
				52C75DDD29928A7300E80814 /* AnswerStackView.swift in Sources */,
				525F32552992868F0012B9B9 /* StartGameVC.swift in Sources */,
				751F5B2329901EA3000F8A98 /* ViewController.swift in Sources */,
				52C75DDB29928A4C00E80814 /* MoneyStackView.swift in Sources */,
				52C75DD9299289FE00E80814 /* QuestionStackView.swift in Sources */,
				52C75DDF29928C1600E80814 /* PromtStackView.swift in Sources */,
				751F5B1F29901EA3000F8A98 /* AppDelegate.swift in Sources */,
				751F5B2129901EA3000F8A98 /* SceneDelegate.swift in Sources */,
				52C75DD7299289A400E80814 /* GeneralStackView.swift in Sources */,
				7540356A299264C100F1011A /* Background.swift in Sources */,
			);
			runOnlyForDeploymentPostprocessing = 0;
		};
/* End PBXSourcesBuildPhase section */

/* Begin PBXVariantGroup section */
		751F5B2929901EA4000F8A98 /* LaunchScreen.storyboard */ = {
			isa = PBXVariantGroup;
			children = (
				751F5B2A29901EA4000F8A98 /* Base */,
			);
			name = LaunchScreen.storyboard;
			sourceTree = "<group>";
		};
/* End PBXVariantGroup section */

/* Begin XCBuildConfiguration section */
		751F5B2D29901EA4000F8A98 /* Debug */ = {
			isa = XCBuildConfiguration;
			buildSettings = {
				ALWAYS_SEARCH_USER_PATHS = NO;
				CLANG_ANALYZER_NONNULL = YES;
				CLANG_ANALYZER_NUMBER_OBJECT_CONVERSION = YES_AGGRESSIVE;
				CLANG_CXX_LANGUAGE_STANDARD = "gnu++20";
				CLANG_ENABLE_MODULES = YES;
				CLANG_ENABLE_OBJC_ARC = YES;
				CLANG_ENABLE_OBJC_WEAK = YES;
				CLANG_WARN_BLOCK_CAPTURE_AUTORELEASING = YES;
				CLANG_WARN_BOOL_CONVERSION = YES;
				CLANG_WARN_COMMA = YES;
				CLANG_WARN_CONSTANT_CONVERSION = YES;
				CLANG_WARN_DEPRECATED_OBJC_IMPLEMENTATIONS = YES;
				CLANG_WARN_DIRECT_OBJC_ISA_USAGE = YES_ERROR;
				CLANG_WARN_DOCUMENTATION_COMMENTS = YES;
				CLANG_WARN_EMPTY_BODY = YES;
				CLANG_WARN_ENUM_CONVERSION = YES;
				CLANG_WARN_INFINITE_RECURSION = YES;
				CLANG_WARN_INT_CONVERSION = YES;
				CLANG_WARN_NON_LITERAL_NULL_CONVERSION = YES;
				CLANG_WARN_OBJC_IMPLICIT_RETAIN_SELF = YES;
				CLANG_WARN_OBJC_LITERAL_CONVERSION = YES;
				CLANG_WARN_OBJC_ROOT_CLASS = YES_ERROR;
				CLANG_WARN_QUOTED_INCLUDE_IN_FRAMEWORK_HEADER = YES;
				CLANG_WARN_RANGE_LOOP_ANALYSIS = YES;
				CLANG_WARN_STRICT_PROTOTYPES = YES;
				CLANG_WARN_SUSPICIOUS_MOVE = YES;
				CLANG_WARN_UNGUARDED_AVAILABILITY = YES_AGGRESSIVE;
				CLANG_WARN_UNREACHABLE_CODE = YES;
				CLANG_WARN__DUPLICATE_METHOD_MATCH = YES;
				COPY_PHASE_STRIP = NO;
				DEBUG_INFORMATION_FORMAT = dwarf;
				ENABLE_STRICT_OBJC_MSGSEND = YES;
				ENABLE_TESTABILITY = YES;
				GCC_C_LANGUAGE_STANDARD = gnu11;
				GCC_DYNAMIC_NO_PIC = NO;
				GCC_NO_COMMON_BLOCKS = YES;
				GCC_OPTIMIZATION_LEVEL = 0;
				GCC_PREPROCESSOR_DEFINITIONS = (
					"DEBUG=1",
					"$(inherited)",
				);
				GCC_WARN_64_TO_32_BIT_CONVERSION = YES;
				GCC_WARN_ABOUT_RETURN_TYPE = YES_ERROR;
				GCC_WARN_UNDECLARED_SELECTOR = YES;
				GCC_WARN_UNINITIALIZED_AUTOS = YES_AGGRESSIVE;
				GCC_WARN_UNUSED_FUNCTION = YES;
				GCC_WARN_UNUSED_VARIABLE = YES;
				IPHONEOS_DEPLOYMENT_TARGET = 16.1;
				MTL_ENABLE_DEBUG_INFO = INCLUDE_SOURCE;
				MTL_FAST_MATH = YES;
				ONLY_ACTIVE_ARCH = YES;
				SDKROOT = iphoneos;
				SWIFT_ACTIVE_COMPILATION_CONDITIONS = DEBUG;
				SWIFT_OPTIMIZATION_LEVEL = "-Onone";
			};
			name = Debug;
		};
		751F5B2E29901EA4000F8A98 /* Release */ = {
			isa = XCBuildConfiguration;
			buildSettings = {
				ALWAYS_SEARCH_USER_PATHS = NO;
				CLANG_ANALYZER_NONNULL = YES;
				CLANG_ANALYZER_NUMBER_OBJECT_CONVERSION = YES_AGGRESSIVE;
				CLANG_CXX_LANGUAGE_STANDARD = "gnu++20";
				CLANG_ENABLE_MODULES = YES;
				CLANG_ENABLE_OBJC_ARC = YES;
				CLANG_ENABLE_OBJC_WEAK = YES;
				CLANG_WARN_BLOCK_CAPTURE_AUTORELEASING = YES;
				CLANG_WARN_BOOL_CONVERSION = YES;
				CLANG_WARN_COMMA = YES;
				CLANG_WARN_CONSTANT_CONVERSION = YES;
				CLANG_WARN_DEPRECATED_OBJC_IMPLEMENTATIONS = YES;
				CLANG_WARN_DIRECT_OBJC_ISA_USAGE = YES_ERROR;
				CLANG_WARN_DOCUMENTATION_COMMENTS = YES;
				CLANG_WARN_EMPTY_BODY = YES;
				CLANG_WARN_ENUM_CONVERSION = YES;
				CLANG_WARN_INFINITE_RECURSION = YES;
				CLANG_WARN_INT_CONVERSION = YES;
				CLANG_WARN_NON_LITERAL_NULL_CONVERSION = YES;
				CLANG_WARN_OBJC_IMPLICIT_RETAIN_SELF = YES;
				CLANG_WARN_OBJC_LITERAL_CONVERSION = YES;
				CLANG_WARN_OBJC_ROOT_CLASS = YES_ERROR;
				CLANG_WARN_QUOTED_INCLUDE_IN_FRAMEWORK_HEADER = YES;
				CLANG_WARN_RANGE_LOOP_ANALYSIS = YES;
				CLANG_WARN_STRICT_PROTOTYPES = YES;
				CLANG_WARN_SUSPICIOUS_MOVE = YES;
				CLANG_WARN_UNGUARDED_AVAILABILITY = YES_AGGRESSIVE;
				CLANG_WARN_UNREACHABLE_CODE = YES;
				CLANG_WARN__DUPLICATE_METHOD_MATCH = YES;
				COPY_PHASE_STRIP = NO;
				DEBUG_INFORMATION_FORMAT = "dwarf-with-dsym";
				ENABLE_NS_ASSERTIONS = NO;
				ENABLE_STRICT_OBJC_MSGSEND = YES;
				GCC_C_LANGUAGE_STANDARD = gnu11;
				GCC_NO_COMMON_BLOCKS = YES;
				GCC_WARN_64_TO_32_BIT_CONVERSION = YES;
				GCC_WARN_ABOUT_RETURN_TYPE = YES_ERROR;
				GCC_WARN_UNDECLARED_SELECTOR = YES;
				GCC_WARN_UNINITIALIZED_AUTOS = YES_AGGRESSIVE;
				GCC_WARN_UNUSED_FUNCTION = YES;
				GCC_WARN_UNUSED_VARIABLE = YES;
				IPHONEOS_DEPLOYMENT_TARGET = 16.1;
				MTL_ENABLE_DEBUG_INFO = NO;
				MTL_FAST_MATH = YES;
				SDKROOT = iphoneos;
				SWIFT_COMPILATION_MODE = wholemodule;
				SWIFT_OPTIMIZATION_LEVEL = "-O";
				VALIDATE_PRODUCT = YES;
			};
			name = Release;
		};
		751F5B3029901EA4000F8A98 /* Debug */ = {
			isa = XCBuildConfiguration;
			buildSettings = {
				ASSETCATALOG_COMPILER_APPICON_NAME = AppIcon;
				ASSETCATALOG_COMPILER_GLOBAL_ACCENT_COLOR_NAME = AccentColor;
				CODE_SIGN_STYLE = Automatic;
				CURRENT_PROJECT_VERSION = 1;
				GENERATE_INFOPLIST_FILE = YES;
				INFOPLIST_FILE = "who is wants to be a millionare/Info.plist";
				INFOPLIST_KEY_UIApplicationSupportsIndirectInputEvents = YES;
				INFOPLIST_KEY_UILaunchStoryboardName = LaunchScreen;
				INFOPLIST_KEY_UISupportedInterfaceOrientations_iPad = "UIInterfaceOrientationPortrait UIInterfaceOrientationPortraitUpsideDown UIInterfaceOrientationLandscapeLeft UIInterfaceOrientationLandscapeRight";
				INFOPLIST_KEY_UISupportedInterfaceOrientations_iPhone = "UIInterfaceOrientationPortrait UIInterfaceOrientationLandscapeLeft UIInterfaceOrientationLandscapeRight";
				IPHONEOS_DEPLOYMENT_TARGET = 13.0;
				LD_RUNPATH_SEARCH_PATHS = (
					"$(inherited)",
					"@executable_path/Frameworks",
				);
				MARKETING_VERSION = 1.0;
				PRODUCT_BUNDLE_IDENTIFIER = "com.tacarlen.who-is-wants-to-be-a-millionare";
				PRODUCT_NAME = "$(TARGET_NAME)";
				SWIFT_EMIT_LOC_STRINGS = YES;
				SWIFT_VERSION = 5.0;
				TARGETED_DEVICE_FAMILY = "1,2";
			};
			name = Debug;
		};
		751F5B3129901EA4000F8A98 /* Release */ = {
			isa = XCBuildConfiguration;
			buildSettings = {
				ASSETCATALOG_COMPILER_APPICON_NAME = AppIcon;
				ASSETCATALOG_COMPILER_GLOBAL_ACCENT_COLOR_NAME = AccentColor;
				CODE_SIGN_STYLE = Automatic;
				CURRENT_PROJECT_VERSION = 1;
				GENERATE_INFOPLIST_FILE = YES;
				INFOPLIST_FILE = "who is wants to be a millionare/Info.plist";
				INFOPLIST_KEY_UIApplicationSupportsIndirectInputEvents = YES;
				INFOPLIST_KEY_UILaunchStoryboardName = LaunchScreen;
				INFOPLIST_KEY_UISupportedInterfaceOrientations_iPad = "UIInterfaceOrientationPortrait UIInterfaceOrientationPortraitUpsideDown UIInterfaceOrientationLandscapeLeft UIInterfaceOrientationLandscapeRight";
				INFOPLIST_KEY_UISupportedInterfaceOrientations_iPhone = "UIInterfaceOrientationPortrait UIInterfaceOrientationLandscapeLeft UIInterfaceOrientationLandscapeRight";
				IPHONEOS_DEPLOYMENT_TARGET = 13.0;
				LD_RUNPATH_SEARCH_PATHS = (
					"$(inherited)",
					"@executable_path/Frameworks",
				);
				MARKETING_VERSION = 1.0;
				PRODUCT_BUNDLE_IDENTIFIER = "com.tacarlen.who-is-wants-to-be-a-millionare";
				PRODUCT_NAME = "$(TARGET_NAME)";
				SWIFT_EMIT_LOC_STRINGS = YES;
				SWIFT_VERSION = 5.0;
				TARGETED_DEVICE_FAMILY = "1,2";
			};
			name = Release;
		};
/* End XCBuildConfiguration section */

/* Begin XCConfigurationList section */
		751F5B1629901EA3000F8A98 /* Build configuration list for PBXProject "who is wants to be a millionare" */ = {
			isa = XCConfigurationList;
			buildConfigurations = (
				751F5B2D29901EA4000F8A98 /* Debug */,
				751F5B2E29901EA4000F8A98 /* Release */,
			);
			defaultConfigurationIsVisible = 0;
			defaultConfigurationName = Release;
		};
		751F5B2F29901EA4000F8A98 /* Build configuration list for PBXNativeTarget "who is wants to be a millionare" */ = {
			isa = XCConfigurationList;
			buildConfigurations = (
				751F5B3029901EA4000F8A98 /* Debug */,
				751F5B3129901EA4000F8A98 /* Release */,
			);
			defaultConfigurationIsVisible = 0;
			defaultConfigurationName = Release;
		};
/* End XCConfigurationList section */
	};
	rootObject = 751F5B1329901EA3000F8A98 /* Project object */;
}
